{
  "nodes": {
    "nixpkgs": {
      "locked": {
        "lastModified": 1714763106,
        "narHash": "sha256-DrDHo74uTycfpAF+/qxZAMlP/Cpe04BVioJb6fdI0YY=",
        "path": "/nix/store/2m13vdxyw45gw107aix8f5wbp4yz0lpd-source",
        "rev": "e9be42459999a253a9f92559b1f5b72e1b44c13d",
        "type": "path"
      },
      "original": {
        "id": "nixpkgs",
        "type": "indirect"
      }
    },
    "root": {
      "inputs": {
        "nixpkgs": "nixpkgs"
      }
    }
  },
  "root": "root",
  "version": 7
}
